
Microsoft Visual Studio Solution File, Format Version 12.00
# Visual Studio 14
VisualStudioVersion = 14.0.25420.1
MinimumVisualStudioVersion = 10.0.40219.1
Project("{FAE04EC0-301F-11D3-BF4B-00C04F79EFBC}") = "ElderSourceApp", "ElderSourceApp\ElderSourceApp.csproj", "{608170FC-6841-4791-A50B-9B0C9BC3577E}"
EndProject
Global
	GlobalSection(SolutionConfigurationPlatforms) = preSolution
		Debug|Any CPU = Debug|Any CPU
		Release|Any CPU = Release|Any CPU
	EndGlobalSection
	GlobalSection(ProjectConfigurationPlatforms) = postSolution
		{608170FC-6841-4791-A50B-9B0C9BC3577E}.Debug|Any CPU.ActiveCfg = Debug|Any CPU
		{608170FC-6841-4791-A50B-9B0C9BC3577E}.Debug|Any CPU.Build.0 = Debug|Any CPU
		{608170FC-6841-4791-A50B-9B0C9BC3577E}.Release|Any CPU.ActiveCfg = Release|Any CPU
		{608170FC-6841-4791-A50B-9B0C9BC3577E}.Release|Any CPU.Build.0 = Release|Any CPU
	EndGlobalSection
	GlobalSection(SolutionProperties) = preSolution
		HideSolutionNode = FALSE
	EndGlobalSection
EndGlobal
